
Microsoft Visual Studio Solution File, Format Version 12.00
# Visual Studio Version 16
VisualStudioVersion = 16.0.31410.357
MinimumVisualStudioVersion = 10.0.40219.1
Project("{FAE04EC0-301F-11D3-BF4B-00C04F79EFBC}") = "Upload", "Upload\Upload.csproj", "{2F831418-550A-49A6-8269-C29B8E8E942D}"
EndProject
Global
	GlobalSection(SolutionConfigurationPlatforms) = preSolution
		Debug|Any CPU = Debug|Any CPU
		Release|Any CPU = Release|Any CPU
	EndGlobalSection
	GlobalSection(ProjectConfigurationPlatforms) = postSolution
		{2F831418-550A-49A6-8269-C29B8E8E942D}.Debug|Any CPU.ActiveCfg = Debug|Any CPU
		{2F831418-550A-49A6-8269-C29B8E8E942D}.Debug|Any CPU.Build.0 = Debug|Any CPU
		{2F831418-550A-49A6-8269-C29B8E8E942D}.Release|Any CPU.ActiveCfg = Release|Any CPU
		{2F831418-550A-49A6-8269-C29B8E8E942D}.Release|Any CPU.Build.0 = Release|Any CPU
	EndGlobalSection
	GlobalSection(SolutionProperties) = preSolution
		HideSolutionNode = FALSE
	EndGlobalSection
	GlobalSection(ExtensibilityGlobals) = postSolution
		SolutionGuid = {CA8360A0-DF88-4C1E-9305-913940CCFA99}
	EndGlobalSection
EndGlobal
